{
    "_meta": {
        "hash": {
            "sha256": "f498c86d87b0d9c5faa770968bdac96277aea5c410bba44a4ed5a06328155e18"
        },
        "pipfile-spec": 6,
        "requires": {
            "python_version": "3.8"
        },
        "sources": [
            {
                "name": "pypi",
                "url": "https://pypi.python.org/simple",
                "verify_ssl": true
            }
        ]
    },
    "default": {
        "pyteal": {
            "editable": true,
            "git": "https://github.com/algorand/pyteal.git",
            "ref": "2913ce2ca90eedb32b2876418957eb9d771f0c6e"
        },
        "scratch-var": {
            "editable": true,
            "git": "https://github.com/algorand/pyteal.git",
            "ref": "master"
        }
    },
    "develop": {}
}
